
Microsoft Visual Studio Solution File, Format Version 12.00
# Visual Studio Version 17
VisualStudioVersion = 17.14.36221.1
MinimumVisualStudioVersion = 10.0.40219.1
Project("{FAE04EC0-301F-11D3-BF4B-00C04F79EFBC}") = "dicom_viewer_winform", "dicom_viewer_winform\dicom_viewer_winform.csproj", "{3B025B61-C74C-47A6-9D20-0AF17C70041D}"
EndProject
Project("{8BC9CEB8-8B4A-11D0-8D11-00A0C91BC942}") = "RenderEngine", "RenderEngine\RenderEngine.vcxproj", "{052AFDD0-10BE-4B76-A594-01F778DFE8FF}"
EndProject
Global
	GlobalSection(SolutionConfigurationPlatforms) = preSolution
		Debug|Any CPU = Debug|Any CPU
		Debug|x64 = Debug|x64
		Release|Any CPU = Release|Any CPU
		Release|x64 = Release|x64
	EndGlobalSection
	GlobalSection(ProjectConfigurationPlatforms) = postSolution
		{3B025B61-C74C-47A6-9D20-0AF17C70041D}.Debug|Any CPU.ActiveCfg = Debug|Any CPU
		{3B025B61-C74C-47A6-9D20-0AF17C70041D}.Debug|Any CPU.Build.0 = Debug|Any CPU
		{3B025B61-C74C-47A6-9D20-0AF17C70041D}.Debug|x64.ActiveCfg = Debug|Any CPU
		{3B025B61-C74C-47A6-9D20-0AF17C70041D}.Debug|x64.Build.0 = Debug|Any CPU
		{3B025B61-C74C-47A6-9D20-0AF17C70041D}.Release|Any CPU.ActiveCfg = Release|Any CPU
		{3B025B61-C74C-47A6-9D20-0AF17C70041D}.Release|Any CPU.Build.0 = Release|Any CPU
		{3B025B61-C74C-47A6-9D20-0AF17C70041D}.Release|x64.ActiveCfg = Release|Any CPU
		{3B025B61-C74C-47A6-9D20-0AF17C70041D}.Release|x64.Build.0 = Release|Any CPU
		{052AFDD0-10BE-4B76-A594-01F778DFE8FF}.Debug|Any CPU.ActiveCfg = Debug|x64
		{052AFDD0-10BE-4B76-A594-01F778DFE8FF}.Debug|Any CPU.Build.0 = Debug|x64
		{052AFDD0-10BE-4B76-A594-01F778DFE8FF}.Debug|x64.ActiveCfg = Debug|x64
		{052AFDD0-10BE-4B76-A594-01F778DFE8FF}.Debug|x64.Build.0 = Debug|x64
		{052AFDD0-10BE-4B76-A594-01F778DFE8FF}.Release|Any CPU.ActiveCfg = Release|x64
		{052AFDD0-10BE-4B76-A594-01F778DFE8FF}.Release|Any CPU.Build.0 = Release|x64
		{052AFDD0-10BE-4B76-A594-01F778DFE8FF}.Release|x64.ActiveCfg = Release|x64
		{052AFDD0-10BE-4B76-A594-01F778DFE8FF}.Release|x64.Build.0 = Release|x64
	EndGlobalSection
	GlobalSection(SolutionProperties) = preSolution
		HideSolutionNode = FALSE
	EndGlobalSection
	GlobalSection(ExtensibilityGlobals) = postSolution
		SolutionGuid = {90EE3488-42EA-4BA5-9B99-BF4599E3FF92}
	EndGlobalSection
EndGlobal
